// !$*UTF8*$!
{
	archiveVersion = 1;
	classes = {
	};
	objectVersion = 50;
	objects = {

/* Begin PBXBuildFile section */
		5805DA1C251DA4E000EB643F /* AppDelegate.swift in Sources */ = {isa = PBXBuildFile; fileRef = 5805DA1B251DA4E000EB643F /* AppDelegate.swift */; };
		5805DA1E251DA4E000EB643F /* SceneDelegate.swift in Sources */ = {isa = PBXBuildFile; fileRef = 5805DA1D251DA4E000EB643F /* SceneDelegate.swift */; };
		5805DA21251DA4E000EB643F /* CourseApp.xcdatamodeld in Sources */ = {isa = PBXBuildFile; fileRef = 5805DA1F251DA4E000EB643F /* CourseApp.xcdatamodeld */; };
		5805DA23251DA4E000EB643F /* ContentView.swift in Sources */ = {isa = PBXBuildFile; fileRef = 5805DA22251DA4E000EB643F /* ContentView.swift */; };
		5805DA25251DA4E200EB643F /* Assets.xcassets in Resources */ = {isa = PBXBuildFile; fileRef = 5805DA24251DA4E200EB643F /* Assets.xcassets */; };
		5805DA28251DA4E200EB643F /* Preview Assets.xcassets in Resources */ = {isa = PBXBuildFile; fileRef = 5805DA27251DA4E200EB643F /* Preview Assets.xcassets */; };
		5805DA2B251DA4E200EB643F /* LaunchScreen.storyboard in Resources */ = {isa = PBXBuildFile; fileRef = 5805DA29251DA4E200EB643F /* LaunchScreen.storyboard */; };
/* End PBXBuildFile section */

/* Begin PBXFileReference section */
		5805DA18251DA4E000EB643F /* CourseApp.app */ = {isa = PBXFileReference; explicitFileType = wrapper.application; includeInIndex = 0; path = CourseApp.app; sourceTree = BUILT_PRODUCTS_DIR; };
		5805DA1B251DA4E000EB643F /* AppDelegate.swift */ = {isa = PBXFileReference; lastKnownFileType = sourcecode.swift; path = AppDelegate.swift; sourceTree = "<group>"; };
		5805DA1D251DA4E000EB643F /* SceneDelegate.swift */ = {isa = PBXFileReference; lastKnownFileType = sourcecode.swift; path = SceneDelegate.swift; sourceTree = "<group>"; };
		5805DA20251DA4E000EB643F /* CourseApp.xcdatamodel */ = {isa = PBXFileReference; lastKnownFileType = wrapper.xcdatamodel; path = CourseApp.xcdatamodel; sourceTree = "<group>"; };
		5805DA22251DA4E000EB643F /* ContentView.swift */ = {isa = PBXFileReference; lastKnownFileType = sourcecode.swift; path = ContentView.swift; sourceTree = "<group>"; };
		5805DA24251DA4E200EB643F /* Assets.xcassets */ = {isa = PBXFileReference; lastKnownFileType = folder.assetcatalog; path = Assets.xcassets; sourceTree = "<group>"; };
		5805DA27251DA4E200EB643F /* Preview Assets.xcassets */ = {isa = PBXFileReference; lastKnownFileType = folder.assetcatalog; path = "Preview Assets.xcassets"; sourceTree = "<group>"; };
		5805DA2A251DA4E200EB643F /* Base */ = {isa = PBXFileReference; lastKnownFileType = file.storyboard; name = Base; path = Base.lproj/LaunchScreen.storyboard; sourceTree = "<group>"; };
		5805DA2C251DA4E200EB643F /* Info.plist */ = {isa = PBXFileReference; lastKnownFileType = text.plist.xml; path = Info.plist; sourceTree = "<group>"; };
/* End PBXFileReference section */

/* Begin PBXFrameworksBuildPhase section */
		5805DA15251DA4E000EB643F /* Frameworks */ = {
			isa = PBXFrameworksBuildPhase;
			buildActionMask = 2147483647;
			files = (
			);
			runOnlyForDeploymentPostprocessing = 0;
		};
/* End PBXFrameworksBuildPhase section */

/* Begin PBXGroup section */
		5805DA0F251DA4E000EB643F = {
			isa = PBXGroup;
			children = (
				5805DA1A251DA4E000EB643F /* CourseApp */,
				5805DA19251DA4E000EB643F /* Products */,
			);
			sourceTree = "<group>";
		};
		5805DA19251DA4E000EB643F /* Products */ = {
			isa = PBXGroup;
			children = (
				5805DA18251DA4E000EB643F /* CourseApp.app */,
			);
			name = Products;
			sourceTree = "<group>";
		};
		5805DA1A251DA4E000EB643F /* CourseApp */ = {
			isa = PBXGroup;
			children = (
				5805DA1B251DA4E000EB643F /* AppDelegate.swift */,
				5805DA1D251DA4E000EB643F /* SceneDelegate.swift */,
				5805DA22251DA4E000EB643F /* ContentView.swift */,
				5805DA24251DA4E200EB643F /* Assets.xcassets */,
				5805DA29251DA4E200EB643F /* LaunchScreen.storyboard */,
				5805DA2C251DA4E200EB643F /* Info.plist */,
				5805DA1F251DA4E000EB643F /* CourseApp.xcdatamodeld */,
				5805DA26251DA4E200EB643F /* Preview Content */,
			);
			path = CourseApp;
			sourceTree = "<group>";
		};
		5805DA26251DA4E200EB643F /* Preview Content */ = {
			isa = PBXGroup;
			children = (
				5805DA27251DA4E200EB643F /* Preview Assets.xcassets */,
			);
			path = "Preview Content";
			sourceTree = "<group>";
		};
/* End PBXGroup section */

/* Begin PBXNativeTarget section */
		5805DA17251DA4E000EB643F /* CourseApp */ = {
			isa = PBXNativeTarget;
			buildConfigurationList = 5805DA2F251DA4E200EB643F /* Build configuration list for PBXNativeTarget "CourseApp" */;
			buildPhases = (
				5805DA14251DA4E000EB643F /* Sources */,
				5805DA15251DA4E000EB643F /* Frameworks */,
				5805DA16251DA4E000EB643F /* Resources */,
			);
			buildRules = (
			);
			dependencies = (
			);
			name = CourseApp;
			productName = CourseApp;
			productReference = 5805DA18251DA4E000EB643F /* CourseApp.app */;
			productType = "com.apple.product-type.application";
		};
/* End PBXNativeTarget section */

/* Begin PBXProject section */
		5805DA10251DA4E000EB643F /* Project object */ = {
			isa = PBXProject;
			attributes = {
				LastSwiftUpdateCheck = 1150;
				LastUpgradeCheck = 1150;
				ORGANIZATIONNAME = Sean.S.Nguyen;
				TargetAttributes = {
					5805DA17251DA4E000EB643F = {
						CreatedOnToolsVersion = 11.5;
					};
				};
			};
			buildConfigurationList = 5805DA13251DA4E000EB643F /* Build configuration list for PBXProject "CourseApp" */;
			compatibilityVersion = "Xcode 9.3";
			developmentRegion = en;
			hasScannedForEncodings = 0;
			knownRegions = (
				en,
				Base,
			);
			mainGroup = 5805DA0F251DA4E000EB643F;
			productRefGroup = 5805DA19251DA4E000EB643F /* Products */;
			projectDirPath = "";
			projectRoot = "";
			targets = (
				5805DA17251DA4E000EB643F /* CourseApp */,
			);
		};
/* End PBXProject section */

/* Begin PBXResourcesBuildPhase section */
		5805DA16251DA4E000EB643F /* Resources */ = {
			isa = PBXResourcesBuildPhase;
			buildActionMask = 2147483647;
			files = (
				5805DA2B251DA4E200EB643F /* LaunchScreen.storyboard in Resources */,
				5805DA28251DA4E200EB643F /* Preview Assets.xcassets in Resources */,
				5805DA25251DA4E200EB643F /* Assets.xcassets in Resources */,
			);
			runOnlyForDeploymentPostprocessing = 0;
		};
/* End PBXResourcesBuildPhase section */

/* Begin PBXSourcesBuildPhase section */
		5805DA14251DA4E000EB643F /* Sources */ = {
			isa = PBXSourcesBuildPhase;
			buildActionMask = 2147483647;
			files = (
				5805DA21251DA4E000EB643F /* CourseApp.xcdatamodeld in Sources */,
				5805DA1C251DA4E000EB643F /* AppDelegate.swift in Sources */,
				5805DA23251DA4E000EB643F /* ContentView.swift in Sources */,
				5805DA1E251DA4E000EB643F /* SceneDelegate.swift in Sources */,
			);
			runOnlyForDeploymentPostprocessing = 0;
		};
/* End PBXSourcesBuildPhase section */

/* Begin PBXVariantGroup section */
		5805DA29251DA4E200EB643F /* LaunchScreen.storyboard */ = {
			isa = PBXVariantGroup;
			children = (
				5805DA2A251DA4E200EB643F /* Base */,
			);
			name = LaunchScreen.storyboard;
			sourceTree = "<group>";
		};
/* End PBXVariantGroup section */

/* Begin XCBuildConfiguration section */
		5805DA2D251DA4E200EB643F /* Debug */ = {
			isa = XCBuildConfiguration;
			buildSettings = {
				ALWAYS_SEARCH_USER_PATHS = NO;
				CLANG_ANALYZER_NONNULL = YES;
				CLANG_ANALYZER_NUMBER_OBJECT_CONVERSION = YES_AGGRESSIVE;
				CLANG_CXX_LANGUAGE_STANDARD = "gnu++14";
				CLANG_CXX_LIBRARY = "libc++";
				CLANG_ENABLE_MODULES = YES;
				CLANG_ENABLE_OBJC_ARC = YES;
				CLANG_ENABLE_OBJC_WEAK = YES;
				CLANG_WARN_BLOCK_CAPTURE_AUTORELEASING = YES;
				CLANG_WARN_BOOL_CONVERSION = YES;
				CLANG_WARN_COMMA = YES;
				CLANG_WARN_CONSTANT_CONVERSION = YES;
				CLANG_WARN_DEPRECATED_OBJC_IMPLEMENTATIONS = YES;
				CLANG_WARN_DIRECT_OBJC_ISA_USAGE = YES_ERROR;
				CLANG_WARN_DOCUMENTATION_COMMENTS = YES;
				CLANG_WARN_EMPTY_BODY = YES;
				CLANG_WARN_ENUM_CONVERSION = YES;
				CLANG_WARN_INFINITE_RECURSION = YES;
				CLANG_WARN_INT_CONVERSION = YES;
				CLANG_WARN_NON_LITERAL_NULL_CONVERSION = YES;
				CLANG_WARN_OBJC_IMPLICIT_RETAIN_SELF = YES;
				CLANG_WARN_OBJC_LITERAL_CONVERSION = YES;
				CLANG_WARN_OBJC_ROOT_CLASS = YES_ERROR;
				CLANG_WARN_RANGE_LOOP_ANALYSIS = YES;
				CLANG_WARN_STRICT_PROTOTYPES = YES;
				CLANG_WARN_SUSPICIOUS_MOVE = YES;
				CLANG_WARN_UNGUARDED_AVAILABILITY = YES_AGGRESSIVE;
				CLANG_WARN_UNREACHABLE_CODE = YES;
				CLANG_WARN__DUPLICATE_METHOD_MATCH = YES;
				COPY_PHASE_STRIP = NO;
				DEBUG_INFORMATION_FORMAT = dwarf;
				ENABLE_STRICT_OBJC_MSGSEND = YES;
				ENABLE_TESTABILITY = YES;
				GCC_C_LANGUAGE_STANDARD = gnu11;
				GCC_DYNAMIC_NO_PIC = NO;
				GCC_NO_COMMON_BLOCKS = YES;
				GCC_OPTIMIZATION_LEVEL = 0;
				GCC_PREPROCESSOR_DEFINITIONS = (
					"DEBUG=1",
					"$(inherited)",
				);
				GCC_WARN_64_TO_32_BIT_CONVERSION = YES;
				GCC_WARN_ABOUT_RETURN_TYPE = YES_ERROR;
				GCC_WARN_UNDECLARED_SELECTOR = YES;
				GCC_WARN_UNINITIALIZED_AUTOS = YES_AGGRESSIVE;
				GCC_WARN_UNUSED_FUNCTION = YES;
				GCC_WARN_UNUSED_VARIABLE = YES;
				IPHONEOS_DEPLOYMENT_TARGET = 13.5;
				MTL_ENABLE_DEBUG_INFO = INCLUDE_SOURCE;
				MTL_FAST_MATH = YES;
				ONLY_ACTIVE_ARCH = YES;
				SDKROOT = iphoneos;
				SWIFT_ACTIVE_COMPILATION_CONDITIONS = DEBUG;
				SWIFT_OPTIMIZATION_LEVEL = "-Onone";
			};
			name = Debug;
		};
		5805DA2E251DA4E200EB643F /* Release */ = {
			isa = XCBuildConfiguration;
			buildSettings = {
				ALWAYS_SEARCH_USER_PATHS = NO;
				CLANG_ANALYZER_NONNULL = YES;
				CLANG_ANALYZER_NUMBER_OBJECT_CONVERSION = YES_AGGRESSIVE;
				CLANG_CXX_LANGUAGE_STANDARD = "gnu++14";
				CLANG_CXX_LIBRARY = "libc++";
				CLANG_ENABLE_MODULES = YES;
				CLANG_ENABLE_OBJC_ARC = YES;
				CLANG_ENABLE_OBJC_WEAK = YES;
				CLANG_WARN_BLOCK_CAPTURE_AUTORELEASING = YES;
				CLANG_WARN_BOOL_CONVERSION = YES;
				CLANG_WARN_COMMA = YES;
				CLANG_WARN_CONSTANT_CONVERSION = YES;
				CLANG_WARN_DEPRECATED_OBJC_IMPLEMENTATIONS = YES;
				CLANG_WARN_DIRECT_OBJC_ISA_USAGE = YES_ERROR;
				CLANG_WARN_DOCUMENTATION_COMMENTS = YES;
				CLANG_WARN_EMPTY_BODY = YES;
				CLANG_WARN_ENUM_CONVERSION = YES;
				CLANG_WARN_INFINITE_RECURSION = YES;
				CLANG_WARN_INT_CONVERSION = YES;
				CLANG_WARN_NON_LITERAL_NULL_CONVERSION = YES;
				CLANG_WARN_OBJC_IMPLICIT_RETAIN_SELF = YES;
				CLANG_WARN_OBJC_LITERAL_CONVERSION = YES;
				CLANG_WARN_OBJC_ROOT_CLASS = YES_ERROR;
				CLANG_WARN_RANGE_LOOP_ANALYSIS = YES;
				CLANG_WARN_STRICT_PROTOTYPES = YES;
				CLANG_WARN_SUSPICIOUS_MOVE = YES;
				CLANG_WARN_UNGUARDED_AVAILABILITY = YES_AGGRESSIVE;
				CLANG_WARN_UNREACHABLE_CODE = YES;
				CLANG_WARN__DUPLICATE_METHOD_MATCH = YES;
				COPY_PHASE_STRIP = NO;
				DEBUG_INFORMATION_FORMAT = "dwarf-with-dsym";
				ENABLE_NS_ASSERTIONS = NO;
				ENABLE_STRICT_OBJC_MSGSEND = YES;
				GCC_C_LANGUAGE_STANDARD = gnu11;
				GCC_NO_COMMON_BLOCKS = YES;
				GCC_WARN_64_TO_32_BIT_CONVERSION = YES;
				GCC_WARN_ABOUT_RETURN_TYPE = YES_ERROR;
				GCC_WARN_UNDECLARED_SELECTOR = YES;
				GCC_WARN_UNINITIALIZED_AUTOS = YES_AGGRESSIVE;
				GCC_WARN_UNUSED_FUNCTION = YES;
				GCC_WARN_UNUSED_VARIABLE = YES;
				IPHONEOS_DEPLOYMENT_TARGET = 13.5;
				MTL_ENABLE_DEBUG_INFO = NO;
				MTL_FAST_MATH = YES;
				SDKROOT = iphoneos;
				SWIFT_COMPILATION_MODE = wholemodule;
				SWIFT_OPTIMIZATION_LEVEL = "-O";
				VALIDATE_PRODUCT = YES;
			};
			name = Release;
		};
		5805DA30251DA4E200EB643F /* Debug */ = {
			isa = XCBuildConfiguration;
			buildSettings = {
				ASSETCATALOG_COMPILER_APPICON_NAME = AppIcon;
				CODE_SIGN_STYLE = Automatic;
				DEVELOPMENT_ASSET_PATHS = "\"CourseApp/Preview Content\"";
				DEVELOPMENT_TEAM = 3M9QDHZDQ7;
				ENABLE_PREVIEWS = YES;
				INFOPLIST_FILE = CourseApp/Info.plist;
				LD_RUNPATH_SEARCH_PATHS = (
					"$(inherited)",
					"@executable_path/Frameworks",
				);
				PRODUCT_BUNDLE_IDENTIFIER = com.gmail.seannguyen5696.CourseApp;
				PRODUCT_NAME = "$(TARGET_NAME)";
				SWIFT_VERSION = 5.0;
				TARGETED_DEVICE_FAMILY = "1,2";
			};
			name = Debug;
		};
		5805DA31251DA4E200EB643F /* Release */ = {
			isa = XCBuildConfiguration;
			buildSettings = {
				ASSETCATALOG_COMPILER_APPICON_NAME = AppIcon;
				CODE_SIGN_STYLE = Automatic;
				DEVELOPMENT_ASSET_PATHS = "\"CourseApp/Preview Content\"";
				DEVELOPMENT_TEAM = 3M9QDHZDQ7;
				ENABLE_PREVIEWS = YES;
				INFOPLIST_FILE = CourseApp/Info.plist;
				LD_RUNPATH_SEARCH_PATHS = (
					"$(inherited)",
					"@executable_path/Frameworks",
				);
				PRODUCT_BUNDLE_IDENTIFIER = com.gmail.seannguyen5696.CourseApp;
				PRODUCT_NAME = "$(TARGET_NAME)";
				SWIFT_VERSION = 5.0;
				TARGETED_DEVICE_FAMILY = "1,2";
			};
			name = Release;
		};
/* End XCBuildConfiguration section */

/* Begin XCConfigurationList section */
		5805DA13251DA4E000EB643F /* Build configuration list for PBXProject "CourseApp" */ = {
			isa = XCConfigurationList;
			buildConfigurations = (
				5805DA2D251DA4E200EB643F /* Debug */,
				5805DA2E251DA4E200EB643F /* Release */,
			);
			defaultConfigurationIsVisible = 0;
			defaultConfigurationName = Release;
		};
		5805DA2F251DA4E200EB643F /* Build configuration list for PBXNativeTarget "CourseApp" */ = {
			isa = XCConfigurationList;
			buildConfigurations = (
				5805DA30251DA4E200EB643F /* Debug */,
				5805DA31251DA4E200EB643F /* Release */,
			);
			defaultConfigurationIsVisible = 0;
			defaultConfigurationName = Release;
		};
/* End XCConfigurationList section */

/* Begin XCVersionGroup section */
		5805DA1F251DA4E000EB643F /* CourseApp.xcdatamodeld */ = {
			isa = XCVersionGroup;
			children = (
				5805DA20251DA4E000EB643F /* CourseApp.xcdatamodel */,
			);
			currentVersion = 5805DA20251DA4E000EB643F /* CourseApp.xcdatamodel */;
			path = CourseApp.xcdatamodeld;
			sourceTree = "<group>";
			versionGroupType = wrapper.xcdatamodel;
		};
/* End XCVersionGroup section */
	};
	rootObject = 5805DA10251DA4E000EB643F /* Project object */;
}
